[[package]]
name = "bitarray"
version = "2.3.5"
description = "efficient arrays of booleans -- C extension"
category = "main"
optional = false
python-versions = "*"

[[package]]
name = "certifi"
version = "2021.10.8"
description = "Python package for providing Mozilla's CA Bundle."
category = "main"
optional = true
python-versions = "*"

[[package]]
name = "charset-normalizer"
version = "2.0.10"
description = "The Real First Universal Charset Detector. Open, modern and actively maintained alternative to Chardet."
category = "main"
optional = true
python-versions = ">=3.5.0"

[package.extras]
unicode_backport = ["unicodedata2"]

[[package]]
name = "coverage"
version = "5.5"
description = "Code coverage measurement for Python"
category = "main"
optional = true
python-versions = ">=2.7, !=3.0.*, !=3.1.*, !=3.2.*, !=3.3.*, !=3.4.*, <4"

[package.extras]
toml = ["toml"]

[[package]]
name = "coveralls"
version = "2.1.2"
description = "Show coverage stats online via coveralls.io"
category = "main"
optional = true
python-versions = ">= 3.5"

[package.dependencies]
coverage = ">=4.1,<6.0"
docopt = ">=0.6.1"
requests = ">=1.0.0"

[package.extras]
yaml = ["PyYAML (>=3.10)"]

[[package]]
name = "docopt"
version = "0.6.2"
description = "Pythonic argument parser, that will make you smile"
category = "main"
optional = true
python-versions = "*"

[[package]]
name = "enum34"
version = "1.1.10"
description = "Python 3.4 Enum backported to 3.3, 3.2, 3.1, 2.7, 2.6, 2.5, and 2.4"
category = "main"
optional = false
python-versions = "*"

[[package]]
name = "flake8"
version = "3.9.2"
description = "the modular source code checker: pep8 pyflakes and co"
category = "main"
optional = true
python-versions = "!=3.0.*,!=3.1.*,!=3.2.*,!=3.3.*,!=3.4.*,>=2.7"

[package.dependencies]
importlib-metadata = {version = "*", markers = "python_version < \"3.8\""}
mccabe = ">=0.6.0,<0.7.0"
pycodestyle = ">=2.7.0,<2.8.0"
pyflakes = ">=2.3.0,<2.4.0"

[[package]]
name = "idna"
version = "3.3"
description = "Internationalized Domain Names in Applications (IDNA)"
category = "main"
optional = true
python-versions = ">=3.5"

[[package]]
name = "importlib-metadata"
version = "4.8.3"
description = "Read metadata from Python packages"
category = "main"
optional = true
python-versions = ">=3.6"

[package.dependencies]
typing-extensions = {version = ">=3.6.4", markers = "python_version < \"3.8\""}
zipp = ">=0.5"

[package.extras]
docs = ["sphinx", "jaraco.packaging (>=8.2)", "rst.linker (>=1.9)"]
perf = ["ipython"]
testing = ["pytest (>=6)", "pytest-checkdocs (>=2.4)", "pytest-flake8", "pytest-cov", "pytest-enabler (>=1.0.1)", "packaging", "pep517", "pyfakefs", "flufl.flake8", "pytest-perf (>=0.9.2)", "pytest-black (>=0.3.7)", "pytest-mypy", "importlib-resources (>=1.3)"]

[[package]]
name = "lxml"
version = "4.7.1"
description = "Powerful and Pythonic XML processing library combining libxml2/libxslt with the ElementTree API."
category = "main"
optional = false
python-versions = ">=2.7, !=3.0.*, !=3.1.*, !=3.2.*, !=3.3.*, != 3.4.*"

[package.extras]
cssselect = ["cssselect (>=0.7)"]
html5 = ["html5lib"]
htmlsoup = ["beautifulsoup4"]
source = ["Cython (>=0.29.7)"]

[[package]]
name = "mccabe"
version = "0.6.1"
description = "McCabe checker, plugin for flake8"
category = "main"
optional = true
python-versions = "*"

[[package]]
name = "nose"
version = "1.3.7"
description = "nose extends unittest to make testing easier"
category = "main"
optional = true
python-versions = "*"

[[package]]
name = "psutil"
version = "5.7.2"
description = "Cross-platform lib for process and system monitoring in Python."
category = "main"
optional = true
python-versions = ">=2.6, !=3.0.*, !=3.1.*, !=3.2.*, !=3.3.*"

[package.extras]
test = ["ipaddress", "mock", "unittest2", "enum34", "pywin32", "wmi"]

[[package]]
name = "pudb"
version = "2019.2"
description = "A full-screen, console-based Python debugger"
category = "main"
optional = false
python-versions = "*"

[package.dependencies]
pygments = ">=1.0"
urwid = ">=1.1.1"

[[package]]
name = "pyang"
version = "2.5.2"
description = "A YANG (RFC 6020/7950) validator and converter"
category = "main"
optional = false
python-versions = "*"

[package.dependencies]
lxml = "*"

[[package]]
name = "pyangbind"
version = "0.8.1"
description = "PyangBind is a plugin for pyang which converts YANG datamodels into a Python class hierarchy, such that Python can be used to manipulate data that conforms with a YANG model."
category = "main"
optional = false
python-versions = "*"

[package.dependencies]
bitarray = "*"
enum34 = "*"
lxml = "*"
pyang = "*"
regex = "*"
six = "*"

[[package]]
name = "pycodestyle"
version = "2.7.0"
description = "Python style guide checker"
category = "main"
optional = true
python-versions = ">=2.7, !=3.0.*, !=3.1.*, !=3.2.*, !=3.3.*"

[[package]]
name = "pyflakes"
version = "2.3.1"
description = "passive checker of Python programs"
category = "main"
optional = true
python-versions = ">=2.7, !=3.0.*, !=3.1.*, !=3.2.*, !=3.3.*"

[[package]]
name = "pygments"
version = "2.11.2"
description = "Pygments is a syntax highlighting package written in Python."
category = "main"
optional = false
python-versions = ">=3.5"

[[package]]
name = "pygments-yang-lexer"
version = "0.2"
description = "A Pygments lexer for YANG modules"
category = "main"
optional = false
python-versions = "*"

[package.dependencies]
Pygments = "*"

[[package]]
name = "regex"
version = "2021.11.10"
description = "Alternative regular expression module, to replace re."
category = "main"
optional = false
python-versions = "*"

[[package]]
name = "requests"
version = "2.27.1"
description = "Python HTTP for Humans."
category = "main"
optional = true
python-versions = ">=2.7, !=3.0.*, !=3.1.*, !=3.2.*, !=3.3.*, !=3.4.*, !=3.5.*"

[package.dependencies]
certifi = ">=2017.4.17"
charset-normalizer = {version = ">=2.0.0,<2.1.0", markers = "python_version >= \"3\""}
idna = {version = ">=2.5,<4", markers = "python_version >= \"3\""}
urllib3 = ">=1.21.1,<1.27"

[package.extras]
socks = ["PySocks (>=1.5.6,!=1.5.7)", "win-inet-pton"]
use_chardet_on_py3 = ["chardet (>=3.0.2,<5)"]

[[package]]
name = "six"
version = "1.16.0"
description = "Python 2 and 3 compatibility utilities"
category = "main"
optional = false
python-versions = ">=2.7, !=3.0.*, !=3.1.*, !=3.2.*"

[[package]]
name = "typing-extensions"
version = "4.0.1"
description = "Backported and Experimental Type Hints for Python 3.6+"
category = "main"
optional = true
python-versions = ">=3.6"

[[package]]
name = "urllib3"
version = "1.26.8"
description = "HTTP library with thread-safe connection pooling, file post, and more."
category = "main"
optional = true
python-versions = ">=2.7, !=3.0.*, !=3.1.*, !=3.2.*, !=3.3.*, !=3.4.*, <4"

[package.extras]
brotli = ["brotlipy (>=0.6.0)"]
secure = ["pyOpenSSL (>=0.14)", "cryptography (>=1.3.4)", "idna (>=2.0.0)", "certifi", "ipaddress"]
socks = ["PySocks (>=1.5.6,!=1.5.7,<2.0)"]

[[package]]
name = "urwid"
version = "2.1.2"
description = "A full-featured console (xterm et al.) user interface library"
category = "main"
optional = false
python-versions = "*"

[[package]]
name = "zipp"
version = "3.6.0"
description = "Backport of pathlib-compatible object wrapper for zip files"
category = "main"
optional = true
python-versions = ">=3.6"

[package.extras]
docs = ["sphinx", "jaraco.packaging (>=8.2)", "rst.linker (>=1.9)"]
testing = ["pytest (>=4.6)", "pytest-checkdocs (>=2.4)", "pytest-flake8", "pytest-cov", "pytest-enabler (>=1.0.1)", "jaraco.itertools", "func-timeout", "pytest-black (>=0.3.7)", "pytest-mypy"]

[extras]
debug = ["pudb"]
developer = ["pudb", "flake8", "coveralls", "nose", "psutil"]

[metadata]
lock-version = "1.1"
python-versions = "~3.6 || ~3.7 || ^3.8"  # Compatible python versions must be declared here
content-hash = "94b7955c9f0582ac6d2fcdcc614fc85612b06f4bf8aa96fde3ddca968946a9f8"

[metadata.files]
bitarray = [
    {file = "bitarray-2.3.5.tar.gz", hash = "sha256:60285184cb02fdba5e1cc8605ac84e150a50f940e9383ab43564e5258d1f47bb"},
]
certifi = [
    {file = "certifi-2021.10.8-py2.py3-none-any.whl", hash = "sha256:d62a0163eb4c2344ac042ab2bdf75399a71a2d8c7d47eac2e2ee91b9d6339569"},
    {file = "certifi-2021.10.8.tar.gz", hash = "sha256:78884e7c1d4b00ce3cea67b44566851c4343c120abd683433ce934a68ea58872"},
]
charset-normalizer = [
    {file = "charset-normalizer-2.0.10.tar.gz", hash = "sha256:876d180e9d7432c5d1dfd4c5d26b72f099d503e8fcc0feb7532c9289be60fcbd"},
    {file = "charset_normalizer-2.0.10-py3-none-any.whl", hash = "sha256:cb957888737fc0bbcd78e3df769addb41fd1ff8cf950dc9e7ad7793f1bf44455"},
]
coverage = [
    {file = "coverage-5.5-cp27-cp27m-macosx_10_9_x86_64.whl", hash = "sha256:b6d534e4b2ab35c9f93f46229363e17f63c53ad01330df9f2d6bd1187e5eaacf"},
    {file = "coverage-5.5-cp27-cp27m-manylinux1_i686.whl", hash = "sha256:b7895207b4c843c76a25ab8c1e866261bcfe27bfaa20c192de5190121770672b"},
    {file = "coverage-5.5-cp27-cp27m-manylinux1_x86_64.whl", hash = "sha256:c2723d347ab06e7ddad1a58b2a821218239249a9e4365eaff6649d31180c1669"},
    {file = "coverage-5.5-cp27-cp27m-manylinux2010_i686.whl", hash = "sha256:900fbf7759501bc7807fd6638c947d7a831fc9fdf742dc10f02956ff7220fa90"},
    {file = "coverage-5.5-cp27-cp27m-manylinux2010_x86_64.whl", hash = "sha256:004d1880bed2d97151facef49f08e255a20ceb6f9432df75f4eef018fdd5a78c"},
    {file = "coverage-5.5-cp27-cp27m-win32.whl", hash = "sha256:06191eb60f8d8a5bc046f3799f8a07a2d7aefb9504b0209aff0b47298333302a"},
    {file = "coverage-5.5-cp27-cp27m-win_amd64.whl", hash = "sha256:7501140f755b725495941b43347ba8a2777407fc7f250d4f5a7d2a1050ba8e82"},
    {file = "coverage-5.5-cp27-cp27mu-manylinux1_i686.whl", hash = "sha256:372da284cfd642d8e08ef606917846fa2ee350f64994bebfbd3afb0040436905"},
    {file = "coverage-5.5-cp27-cp27mu-manylinux1_x86_64.whl", hash = "sha256:8963a499849a1fc54b35b1c9f162f4108017b2e6db2c46c1bed93a72262ed083"},
    {file = "coverage-5.5-cp27-cp27mu-manylinux2010_i686.whl", hash = "sha256:869a64f53488f40fa5b5b9dcb9e9b2962a66a87dab37790f3fcfb5144b996ef5"},
    {file = "coverage-5.5-cp27-cp27mu-manylinux2010_x86_64.whl", hash = "sha256:4a7697d8cb0f27399b0e393c0b90f0f1e40c82023ea4d45d22bce7032a5d7b81"},
    {file = "coverage-5.5-cp310-cp310-macosx_10_14_x86_64.whl", hash = "sha256:8d0a0725ad7c1a0bcd8d1b437e191107d457e2ec1084b9f190630a4fb1af78e6"},
    {file = "coverage-5.5-cp310-cp310-manylinux1_x86_64.whl", hash = "sha256:51cb9476a3987c8967ebab3f0fe144819781fca264f57f89760037a2ea191cb0"},
    {file = "coverage-5.5-cp310-cp310-win_amd64.whl", hash = "sha256:c0891a6a97b09c1f3e073a890514d5012eb256845c451bd48f7968ef939bf4ae"},
    {file = "coverage-5.5-cp35-cp35m-macosx_10_9_x86_64.whl", hash = "sha256:3487286bc29a5aa4b93a072e9592f22254291ce96a9fbc5251f566b6b7343cdb"},
    {file = "coverage-5.5-cp35-cp35m-manylinux1_i686.whl", hash = "sha256:deee1077aae10d8fa88cb02c845cfba9b62c55e1183f52f6ae6a2df6a2187160"},
    {file = "coverage-5.5-cp35-cp35m-manylinux1_x86_64.whl", hash = "sha256:f11642dddbb0253cc8853254301b51390ba0081750a8ac03f20ea8103f0c56b6"},
    {file = "coverage-5.5-cp35-cp35m-manylinux2010_i686.whl", hash = "sha256:6c90e11318f0d3c436a42409f2749ee1a115cd8b067d7f14c148f1ce5574d701"},
    {file = "coverage-5.5-cp35-cp35m-manylinux2010_x86_64.whl", hash = "sha256:30c77c1dc9f253283e34c27935fded5015f7d1abe83bc7821680ac444eaf7793"},
    {file = "coverage-5.5-cp35-cp35m-win32.whl", hash = "sha256:9a1ef3b66e38ef8618ce5fdc7bea3d9f45f3624e2a66295eea5e57966c85909e"},
    {file = "coverage-5.5-cp35-cp35m-win_amd64.whl", hash = "sha256:972c85d205b51e30e59525694670de6a8a89691186012535f9d7dbaa230e42c3"},
    {file = "coverage-5.5-cp36-cp36m-macosx_10_9_x86_64.whl", hash = "sha256:af0e781009aaf59e25c5a678122391cb0f345ac0ec272c7961dc5455e1c40066"},
    {file = "coverage-5.5-cp36-cp36m-manylinux1_i686.whl", hash = "sha256:74d881fc777ebb11c63736622b60cb9e4aee5cace591ce274fb69e582a12a61a"},
    {file = "coverage-5.5-cp36-cp36m-manylinux1_x86_64.whl", hash = "sha256:92b017ce34b68a7d67bd6d117e6d443a9bf63a2ecf8567bb3d8c6c7bc5014465"},
    {file = "coverage-5.5-cp36-cp36m-manylinux2010_i686.whl", hash = "sha256:d636598c8305e1f90b439dbf4f66437de4a5e3c31fdf47ad29542478c8508bbb"},
    {file = "coverage-5.5-cp36-cp36m-manylinux2010_x86_64.whl", hash = "sha256:41179b8a845742d1eb60449bdb2992196e211341818565abded11cfa90efb821"},
    {file = "coverage-5.5-cp36-cp36m-win32.whl", hash = "sha256:040af6c32813fa3eae5305d53f18875bedd079960822ef8ec067a66dd8afcd45"},
    {file = "coverage-5.5-cp36-cp36m-win_amd64.whl", hash = "sha256:5fec2d43a2cc6965edc0bb9e83e1e4b557f76f843a77a2496cbe719583ce8184"},
    {file = "coverage-5.5-cp37-cp37m-macosx_10_9_x86_64.whl", hash = "sha256:18ba8bbede96a2c3dde7b868de9dcbd55670690af0988713f0603f037848418a"},
    {file = "coverage-5.5-cp37-cp37m-manylinux1_i686.whl", hash = "sha256:2910f4d36a6a9b4214bb7038d537f015346f413a975d57ca6b43bf23d6563b53"},
    {file = "coverage-5.5-cp37-cp37m-manylinux1_x86_64.whl", hash = "sha256:f0b278ce10936db1a37e6954e15a3730bea96a0997c26d7fee88e6c396c2086d"},
    {file = "coverage-5.5-cp37-cp37m-manylinux2010_i686.whl", hash = "sha256:796c9c3c79747146ebd278dbe1e5c5c05dd6b10cc3bcb8389dfdf844f3ead638"},
    {file = "coverage-5.5-cp37-cp37m-manylinux2010_x86_64.whl", hash = "sha256:53194af30d5bad77fcba80e23a1441c71abfb3e01192034f8246e0d8f99528f3"},
    {file = "coverage-5.5-cp37-cp37m-win32.whl", hash = "sha256:184a47bbe0aa6400ed2d41d8e9ed868b8205046518c52464fde713ea06e3a74a"},
    {file = "coverage-5.5-cp37-cp37m-win_amd64.whl", hash = "sha256:2949cad1c5208b8298d5686d5a85b66aae46d73eec2c3e08c817dd3513e5848a"},
    {file = "coverage-5.5-cp38-cp38-macosx_10_9_x86_64.whl", hash = "sha256:217658ec7187497e3f3ebd901afdca1af062b42cfe3e0dafea4cced3983739f6"},
    {file = "coverage-5.5-cp38-cp38-manylinux1_i686.whl", hash = "sha256:1aa846f56c3d49205c952d8318e76ccc2ae23303351d9270ab220004c580cfe2"},
    {file = "coverage-5.5-cp38-cp38-manylinux1_x86_64.whl", hash = "sha256:24d4a7de75446be83244eabbff746d66b9240ae020ced65d060815fac3423759"},
    {file = "coverage-5.5-cp38-cp38-manylinux2010_i686.whl", hash = "sha256:d1f8bf7b90ba55699b3a5e44930e93ff0189aa27186e96071fac7dd0d06a1873"},
    {file = "coverage-5.5-cp38-cp38-manylinux2010_x86_64.whl", hash = "sha256:970284a88b99673ccb2e4e334cfb38a10aab7cd44f7457564d11898a74b62d0a"},
    {file = "coverage-5.5-cp38-cp38-win32.whl", hash = "sha256:01d84219b5cdbfc8122223b39a954820929497a1cb1422824bb86b07b74594b6"},
    {file = "coverage-5.5-cp38-cp38-win_amd64.whl", hash = "sha256:2e0d881ad471768bf6e6c2bf905d183543f10098e3b3640fc029509530091502"},
    {file = "coverage-5.5-cp39-cp39-macosx_10_9_x86_64.whl", hash = "sha256:d1f9ce122f83b2305592c11d64f181b87153fc2c2bbd3bb4a3dde8303cfb1a6b"},
    {file = "coverage-5.5-cp39-cp39-manylinux1_i686.whl", hash = "sha256:13c4ee887eca0f4c5a247b75398d4114c37882658300e153113dafb1d76de529"},
    {file = "coverage-5.5-cp39-cp39-manylinux1_x86_64.whl", hash = "sha256:52596d3d0e8bdf3af43db3e9ba8dcdaac724ba7b5ca3f6358529d56f7a166f8b"},
    {file = "coverage-5.5-cp39-cp39-manylinux2010_i686.whl", hash = "sha256:2cafbbb3af0733db200c9b5f798d18953b1a304d3f86a938367de1567f4b5bff"},
    {file = "coverage-5.5-cp39-cp39-manylinux2010_x86_64.whl", hash = "sha256:44d654437b8ddd9eee7d1eaee28b7219bec228520ff809af170488fd2fed3e2b"},
    {file = "coverage-5.5-cp39-cp39-win32.whl", hash = "sha256:d314ed732c25d29775e84a960c3c60808b682c08d86602ec2c3008e1202e3bb6"},
    {file = "coverage-5.5-cp39-cp39-win_amd64.whl", hash = "sha256:13034c4409db851670bc9acd836243aeee299949bd5673e11844befcb0149f03"},
    {file = "coverage-5.5-pp36-none-any.whl", hash = "sha256:f030f8873312a16414c0d8e1a1ddff2d3235655a2174e3648b4fa66b3f2f1079"},
    {file = "coverage-5.5-pp37-none-any.whl", hash = "sha256:2a3859cb82dcbda1cfd3e6f71c27081d18aa251d20a17d87d26d4cd216fb0af4"},
    {file = "coverage-5.5.tar.gz", hash = "sha256:ebe78fe9a0e874362175b02371bdfbee64d8edc42a044253ddf4ee7d3c15212c"},
]
coveralls = [
    {file = "coveralls-2.1.2-py2.py3-none-any.whl", hash = "sha256:b3b60c17b03a0dee61952a91aed6f131e0b2ac8bd5da909389c53137811409e1"},
    {file = "coveralls-2.1.2.tar.gz", hash = "sha256:4430b862baabb3cf090d36d84d331966615e4288d8a8c5957e0fd456d0dd8bd6"},
]
docopt = [
    {file = "docopt-0.6.2.tar.gz", hash = "sha256:49b3a825280bd66b3aa83585ef59c4a8c82f2c8a522dbe754a8bc8d08c85c491"},
]
enum34 = [
    {file = "enum34-1.1.10-py2-none-any.whl", hash = "sha256:a98a201d6de3f2ab3db284e70a33b0f896fbf35f8086594e8c9e74b909058d53"},
    {file = "enum34-1.1.10-py3-none-any.whl", hash = "sha256:c3858660960c984d6ab0ebad691265180da2b43f07e061c0f8dca9ef3cffd328"},
    {file = "enum34-1.1.10.tar.gz", hash = "sha256:cce6a7477ed816bd2542d03d53db9f0db935dd013b70f336a95c73979289f248"},
]
flake8 = [
    {file = "flake8-3.9.2-py2.py3-none-any.whl", hash = "sha256:bf8fd333346d844f616e8d47905ef3a3384edae6b4e9beb0c5101e25e3110907"},
    {file = "flake8-3.9.2.tar.gz", hash = "sha256:07528381786f2a6237b061f6e96610a4167b226cb926e2aa2b6b1d78057c576b"},
]
idna = [
    {file = "idna-3.3-py3-none-any.whl", hash = "sha256:84d9dd047ffa80596e0f246e2eab0b391788b0503584e8945f2368256d2735ff"},
    {file = "idna-3.3.tar.gz", hash = "sha256:9d643ff0a55b762d5cdb124b8eaa99c66322e2157b69160bc32796e824360e6d"},
]
importlib-metadata = [
    {file = "importlib_metadata-4.8.3-py3-none-any.whl", hash = "sha256:65a9576a5b2d58ca44d133c42a241905cc45e34d2c06fd5ba2bafa221e5d7b5e"},
    {file = "importlib_metadata-4.8.3.tar.gz", hash = "sha256:766abffff765960fcc18003801f7044eb6755ffae4521c8e8ce8e83b9c9b0668"},
]
lxml = [
    {file = "lxml-4.7.1-cp27-cp27m-macosx_10_14_x86_64.whl", hash = "sha256:d546431636edb1d6a608b348dd58cc9841b81f4116745857b6cb9f8dadb2725f"},
    {file = "lxml-4.7.1-cp27-cp27m-manylinux_2_5_i686.manylinux1_i686.whl", hash = "sha256:6308062534323f0d3edb4e702a0e26a76ca9e0e23ff99be5d82750772df32a9e"},
    {file = "lxml-4.7.1-cp27-cp27m-manylinux_2_5_x86_64.manylinux1_x86_64.whl", hash = "sha256:f76dbe44e31abf516114f6347a46fa4e7c2e8bceaa4b6f7ee3a0a03c8eba3c17"},
    {file = "lxml-4.7.1-cp27-cp27m-win32.whl", hash = "sha256:d5618d49de6ba63fe4510bdada62d06a8acfca0b4b5c904956c777d28382b419"},
    {file = "lxml-4.7.1-cp27-cp27m-win_amd64.whl", hash = "sha256:9393a05b126a7e187f3e38758255e0edf948a65b22c377414002d488221fdaa2"},
    {file = "lxml-4.7.1-cp27-cp27mu-manylinux_2_5_i686.manylinux1_i686.whl", hash = "sha256:50d3dba341f1e583265c1a808e897b4159208d814ab07530202b6036a4d86da5"},
    {file = "lxml-4.7.1-cp27-cp27mu-manylinux_2_5_x86_64.manylinux1_x86_64.whl", hash = "sha256:44f552e0da3c8ee3c28e2eb82b0b784200631687fc6a71277ea8ab0828780e7d"},
    {file = "lxml-4.7.1-cp310-cp310-macosx_10_14_x86_64.whl", hash = "sha256:e662c6266e3a275bdcb6bb049edc7cd77d0b0f7e119a53101d367c841afc66dc"},
    {file = "lxml-4.7.1-cp310-cp310-manylinux_2_12_i686.manylinux2010_i686.manylinux_2_24_i686.whl", hash = "sha256:4c093c571bc3da9ebcd484e001ba18b8452903cd428c0bc926d9b0141bcb710e"},
    {file = "lxml-4.7.1-cp310-cp310-manylinux_2_17_aarch64.manylinux2014_aarch64.manylinux_2_24_aarch64.whl", hash = "sha256:3e26ad9bc48d610bf6cc76c506b9e5ad9360ed7a945d9be3b5b2c8535a0145e3"},
    {file = "lxml-4.7.1-cp310-cp310-manylinux_2_17_x86_64.manylinux2014_x86_64.manylinux_2_24_x86_64.whl", hash = "sha256:a5f623aeaa24f71fce3177d7fee875371345eb9102b355b882243e33e04b7175"},
    {file = "lxml-4.7.1-cp310-cp310-musllinux_1_1_x86_64.whl", hash = "sha256:7b5e2acefd33c259c4a2e157119c4373c8773cf6793e225006a1649672ab47a6"},
    {file = "lxml-4.7.1-cp310-cp310-win32.whl", hash = "sha256:67fa5f028e8a01e1d7944a9fb616d1d0510d5d38b0c41708310bd1bc45ae89f6"},
    {file = "lxml-4.7.1-cp310-cp310-win_amd64.whl", hash = "sha256:b1d381f58fcc3e63fcc0ea4f0a38335163883267f77e4c6e22d7a30877218a0e"},
    {file = "lxml-4.7.1-cp35-cp35m-manylinux_2_5_i686.manylinux1_i686.whl", hash = "sha256:38d9759733aa04fb1697d717bfabbedb21398046bd07734be7cccc3d19ea8675"},
    {file = "lxml-4.7.1-cp35-cp35m-manylinux_2_5_x86_64.manylinux1_x86_64.whl", hash = "sha256:dfd0d464f3d86a1460683cd742306d1138b4e99b79094f4e07e1ca85ee267fe7"},
    {file = "lxml-4.7.1-cp35-cp35m-win32.whl", hash = "sha256:534e946bce61fd162af02bad7bfd2daec1521b71d27238869c23a672146c34a5"},
    {file = "lxml-4.7.1-cp35-cp35m-win_amd64.whl", hash = "sha256:6ec829058785d028f467be70cd195cd0aaf1a763e4d09822584ede8c9eaa4b03"},
    {file = "lxml-4.7.1-cp36-cp36m-macosx_10_14_x86_64.whl", hash = "sha256:ade74f5e3a0fd17df5782896ddca7ddb998845a5f7cd4b0be771e1ffc3b9aa5b"},
    {file = "lxml-4.7.1-cp36-cp36m-manylinux_2_12_i686.manylinux2010_i686.manylinux_2_24_i686.whl", hash = "sha256:41358bfd24425c1673f184d7c26c6ae91943fe51dfecc3603b5e08187b4bcc55"},
    {file = "lxml-4.7.1-cp36-cp36m-manylinux_2_17_x86_64.manylinux2014_x86_64.manylinux_2_24_x86_64.whl", hash = "sha256:6e56521538f19c4a6690f439fefed551f0b296bd785adc67c1777c348beb943d"},
    {file = "lxml-4.7.1-cp36-cp36m-manylinux_2_5_i686.manylinux1_i686.whl", hash = "sha256:5b0f782f0e03555c55e37d93d7a57454efe7495dab33ba0ccd2dbe25fc50f05d"},
    {file = "lxml-4.7.1-cp36-cp36m-manylinux_2_5_x86_64.manylinux1_x86_64.whl", hash = "sha256:490712b91c65988012e866c411a40cc65b595929ececf75eeb4c79fcc3bc80a6"},
    {file = "lxml-4.7.1-cp36-cp36m-musllinux_1_1_x86_64.whl", hash = "sha256:34c22eb8c819d59cec4444d9eebe2e38b95d3dcdafe08965853f8799fd71161d"},
    {file = "lxml-4.7.1-cp36-cp36m-win32.whl", hash = "sha256:2a906c3890da6a63224d551c2967413b8790a6357a80bf6b257c9a7978c2c42d"},
    {file = "lxml-4.7.1-cp36-cp36m-win_amd64.whl", hash = "sha256:36b16fecb10246e599f178dd74f313cbdc9f41c56e77d52100d1361eed24f51a"},
    {file = "lxml-4.7.1-cp37-cp37m-macosx_10_14_x86_64.whl", hash = "sha256:a5edc58d631170de90e50adc2cc0248083541affef82f8cd93bea458e4d96db8"},
    {file = "lxml-4.7.1-cp37-cp37m-manylinux_2_12_i686.manylinux2010_i686.manylinux_2_24_i686.whl", hash = "sha256:87c1b0496e8c87ec9db5383e30042357b4839b46c2d556abd49ec770ce2ad868"},
    {file = "lxml-4.7.1-cp37-cp37m-manylinux_2_17_aarch64.manylinux2014_aarch64.manylinux_2_24_aarch64.whl", hash = "sha256:0a5f0e4747f31cff87d1eb32a6000bde1e603107f632ef4666be0dc065889c7a"},
    {file = "lxml-4.7.1-cp37-cp37m-manylinux_2_17_x86_64.manylinux2014_x86_64.manylinux_2_24_x86_64.whl", hash = "sha256:bf6005708fc2e2c89a083f258b97709559a95f9a7a03e59f805dd23c93bc3986"},
    {file = "lxml-4.7.1-cp37-cp37m-manylinux_2_5_i686.manylinux1_i686.whl", hash = "sha256:fc15874816b9320581133ddc2096b644582ab870cf6a6ed63684433e7af4b0d3"},
    {file = "lxml-4.7.1-cp37-cp37m-manylinux_2_5_x86_64.manylinux1_x86_64.whl", hash = "sha256:0b5e96e25e70917b28a5391c2ed3ffc6156513d3db0e1476c5253fcd50f7a944"},
    {file = "lxml-4.7.1-cp37-cp37m-musllinux_1_1_x86_64.whl", hash = "sha256:ec9027d0beb785a35aa9951d14e06d48cfbf876d8ff67519403a2522b181943b"},
    {file = "lxml-4.7.1-cp37-cp37m-win32.whl", hash = "sha256:9fbc0dee7ff5f15c4428775e6fa3ed20003140560ffa22b88326669d53b3c0f4"},
    {file = "lxml-4.7.1-cp37-cp37m-win_amd64.whl", hash = "sha256:1104a8d47967a414a436007c52f533e933e5d52574cab407b1e49a4e9b5ddbd1"},
    {file = "lxml-4.7.1-cp38-cp38-macosx_10_14_x86_64.whl", hash = "sha256:fc9fb11b65e7bc49f7f75aaba1b700f7181d95d4e151cf2f24d51bfd14410b77"},
    {file = "lxml-4.7.1-cp38-cp38-manylinux_2_12_i686.manylinux2010_i686.manylinux_2_24_i686.whl", hash = "sha256:317bd63870b4d875af3c1be1b19202de34c32623609ec803b81c99193a788c1e"},
    {file = "lxml-4.7.1-cp38-cp38-manylinux_2_17_aarch64.manylinux2014_aarch64.manylinux_2_24_aarch64.whl", hash = "sha256:610807cea990fd545b1559466971649e69302c8a9472cefe1d6d48a1dee97440"},
    {file = "lxml-4.7.1-cp38-cp38-manylinux_2_17_x86_64.manylinux2014_x86_64.manylinux_2_24_x86_64.whl", hash = "sha256:09b738360af8cb2da275998a8bf79517a71225b0de41ab47339c2beebfff025f"},
    {file = "lxml-4.7.1-cp38-cp38-manylinux_2_5_i686.manylinux1_i686.whl", hash = "sha256:6a2ab9d089324d77bb81745b01f4aeffe4094306d939e92ba5e71e9a6b99b71e"},
    {file = "lxml-4.7.1-cp38-cp38-manylinux_2_5_x86_64.manylinux1_x86_64.whl", hash = "sha256:eed394099a7792834f0cb4a8f615319152b9d801444c1c9e1b1a2c36d2239f9e"},
    {file = "lxml-4.7.1-cp38-cp38-musllinux_1_1_x86_64.whl", hash = "sha256:735e3b4ce9c0616e85f302f109bdc6e425ba1670a73f962c9f6b98a6d51b77c9"},
    {file = "lxml-4.7.1-cp38-cp38-win32.whl", hash = "sha256:772057fba283c095db8c8ecde4634717a35c47061d24f889468dc67190327bcd"},
    {file = "lxml-4.7.1-cp38-cp38-win_amd64.whl", hash = "sha256:13dbb5c7e8f3b6a2cf6e10b0948cacb2f4c9eb05029fe31c60592d08ac63180d"},
    {file = "lxml-4.7.1-cp39-cp39-macosx_10_14_x86_64.whl", hash = "sha256:718d7208b9c2d86aaf0294d9381a6acb0158b5ff0f3515902751404e318e02c9"},
    {file = "lxml-4.7.1-cp39-cp39-manylinux_2_12_i686.manylinux2010_i686.manylinux_2_24_i686.whl", hash = "sha256:5bee1b0cbfdb87686a7fb0e46f1d8bd34d52d6932c0723a86de1cc532b1aa489"},
    {file = "lxml-4.7.1-cp39-cp39-manylinux_2_17_aarch64.manylinux2014_aarch64.manylinux_2_24_aarch64.whl", hash = "sha256:e410cf3a2272d0a85526d700782a2fa92c1e304fdcc519ba74ac80b8297adf36"},
    {file = "lxml-4.7.1-cp39-cp39-manylinux_2_17_x86_64.manylinux2014_x86_64.manylinux_2_24_x86_64.whl", hash = "sha256:585ea241ee4961dc18a95e2f5581dbc26285fcf330e007459688096f76be8c42"},
    {file = "lxml-4.7.1-cp39-cp39-manylinux_2_5_i686.manylinux1_i686.whl", hash = "sha256:a555e06566c6dc167fbcd0ad507ff05fd9328502aefc963cb0a0547cfe7f00db"},
    {file = "lxml-4.7.1-cp39-cp39-manylinux_2_5_x86_64.manylinux1_x86_64.whl", hash = "sha256:adaab25be351fff0d8a691c4f09153647804d09a87a4e4ea2c3f9fe9e8651851"},
    {file = "lxml-4.7.1-cp39-cp39-musllinux_1_1_x86_64.whl", hash = "sha256:82d16a64236970cb93c8d63ad18c5b9f138a704331e4b916b2737ddfad14e0c4"},
    {file = "lxml-4.7.1-cp39-cp39-win32.whl", hash = "sha256:59e7da839a1238807226f7143c68a479dee09244d1b3cf8c134f2fce777d12d0"},
    {file = "lxml-4.7.1-cp39-cp39-win_amd64.whl", hash = "sha256:a1bbc4efa99ed1310b5009ce7f3a1784698082ed2c1ef3895332f5df9b3b92c2"},
    {file = "lxml-4.7.1-pp37-pypy37_pp73-macosx_10_14_x86_64.whl", hash = "sha256:0607ff0988ad7e173e5ddf7bf55ee65534bd18a5461183c33e8e41a59e89edf4"},
    {file = "lxml-4.7.1-pp37-pypy37_pp73-manylinux_2_12_i686.manylinux2010_i686.manylinux_2_24_i686.whl", hash = "sha256:6c198bfc169419c09b85ab10cb0f572744e686f40d1e7f4ed09061284fc1303f"},
    {file = "lxml-4.7.1-pp37-pypy37_pp73-manylinux_2_17_x86_64.manylinux2014_x86_64.manylinux_2_24_x86_64.whl", hash = "sha256:a58d78653ae422df6837dd4ca0036610b8cb4962b5cfdbd337b7b24de9e5f98a"},
    {file = "lxml-4.7.1-pp38-pypy38_pp73-macosx_10_14_x86_64.whl", hash = "sha256:e18281a7d80d76b66a9f9e68a98cf7e1d153182772400d9a9ce855264d7d0ce7"},
    {file = "lxml-4.7.1-pp38-pypy38_pp73-manylinux_2_12_i686.manylinux2010_i686.manylinux_2_24_i686.whl", hash = "sha256:8e54945dd2eeb50925500957c7c579df3cd07c29db7810b83cf30495d79af267"},
    {file = "lxml-4.7.1-pp38-pypy38_pp73-manylinux_2_17_x86_64.manylinux2014_x86_64.manylinux_2_24_x86_64.whl", hash = "sha256:447d5009d6b5447b2f237395d0018901dcc673f7d9f82ba26c1b9f9c3b444b60"},
    {file = "lxml-4.7.1.tar.gz", hash = "sha256:a1613838aa6b89af4ba10a0f3a972836128801ed008078f8c1244e65958f1b24"},
]
mccabe = [
    {file = "mccabe-0.6.1-py2.py3-none-any.whl", hash = "sha256:ab8a6258860da4b6677da4bd2fe5dc2c659cff31b3ee4f7f5d64e79735b80d42"},
    {file = "mccabe-0.6.1.tar.gz", hash = "sha256:dd8d182285a0fe56bace7f45b5e7d1a6ebcbf524e8f3bd87eb0f125271b8831f"},
]
nose = [
    {file = "nose-1.3.7-py2-none-any.whl", hash = "sha256:dadcddc0aefbf99eea214e0f1232b94f2fa9bd98fa8353711dacb112bfcbbb2a"},
    {file = "nose-1.3.7-py3-none-any.whl", hash = "sha256:9ff7c6cc443f8c51994b34a667bbcf45afd6d945be7477b52e97516fd17c53ac"},
    {file = "nose-1.3.7.tar.gz", hash = "sha256:f1bffef9cbc82628f6e7d7b40d7e255aefaa1adb6a1b1d26c69a8b79e6208a98"},
]
psutil = [
    {file = "psutil-5.7.2-cp27-none-win32.whl", hash = "sha256:f2018461733b23f308c298653c8903d32aaad7873d25e1d228765e91ae42c3f2"},
    {file = "psutil-5.7.2-cp27-none-win_amd64.whl", hash = "sha256:66c18ca7680a31bf16ee22b1d21b6397869dda8059dbdb57d9f27efa6615f195"},
    {file = "psutil-5.7.2-cp35-cp35m-win32.whl", hash = "sha256:5e9d0f26d4194479a13d5f4b3798260c20cecf9ac9a461e718eb59ea520a360c"},
    {file = "psutil-5.7.2-cp35-cp35m-win_amd64.whl", hash = "sha256:4080869ed93cce662905b029a1770fe89c98787e543fa7347f075ade761b19d6"},
    {file = "psutil-5.7.2-cp36-cp36m-win32.whl", hash = "sha256:d8a82162f23c53b8525cf5f14a355f5d1eea86fa8edde27287dd3a98399e4fdf"},
    {file = "psutil-5.7.2-cp36-cp36m-win_amd64.whl", hash = "sha256:0ee3c36428f160d2d8fce3c583a0353e848abb7de9732c50cf3356dd49ad63f8"},
    {file = "psutil-5.7.2-cp37-cp37m-win32.whl", hash = "sha256:ff1977ba1a5f71f89166d5145c3da1cea89a0fdb044075a12c720ee9123ec818"},
    {file = "psutil-5.7.2-cp37-cp37m-win_amd64.whl", hash = "sha256:a5b120bb3c0c71dfe27551f9da2f3209a8257a178ed6c628a819037a8df487f1"},
    {file = "psutil-5.7.2-cp38-cp38-win32.whl", hash = "sha256:10512b46c95b02842c225f58fa00385c08fa00c68bac7da2d9a58ebe2c517498"},
    {file = "psutil-5.7.2-cp38-cp38-win_amd64.whl", hash = "sha256:68d36986ded5dac7c2dcd42f2682af1db80d4bce3faa126a6145c1637e1b559f"},
    {file = "psutil-5.7.2.tar.gz", hash = "sha256:90990af1c3c67195c44c9a889184f84f5b2320dce3ee3acbd054e3ba0b4a7beb"},
]
pudb = [
    {file = "pudb-2019.2.tar.gz", hash = "sha256:e8f0ea01b134d802872184b05bffc82af29a1eb2f9374a277434b932d68f58dc"},
]
pyang = [
    {file = "pyang-2.5.2-py2.py3-none-any.whl", hash = "sha256:d566ced325459fb15cfc6ad07dd23c8ef77c5fc86365cab970fa603fe497e185"},
    {file = "pyang-2.5.2.tar.gz", hash = "sha256:dd0b907561b164d6a5677238535f5a45ab58753f4f0b3541612c0af4e7711860"},
]
pyangbind = [
    {file = "pyangbind-0.8.1.tar.gz", hash = "sha256:f5e8f42d2bf123f4aeba552f6c33b2d6dfafd3e1c37bff2d273fe935779127cf"},
]
pycodestyle = [
    {file = "pycodestyle-2.7.0-py2.py3-none-any.whl", hash = "sha256:514f76d918fcc0b55c6680472f0a37970994e07bbb80725808c17089be302068"},
    {file = "pycodestyle-2.7.0.tar.gz", hash = "sha256:c389c1d06bf7904078ca03399a4816f974a1d590090fecea0c63ec26ebaf1cef"},
]
pyflakes = [
    {file = "pyflakes-2.3.1-py2.py3-none-any.whl", hash = "sha256:7893783d01b8a89811dd72d7dfd4d84ff098e5eed95cfa8905b22bbffe52efc3"},
    {file = "pyflakes-2.3.1.tar.gz", hash = "sha256:f5bc8ecabc05bb9d291eb5203d6810b49040f6ff446a756326104746cc00c1db"},
]
pygments = [
    {file = "Pygments-2.11.2-py3-none-any.whl", hash = "sha256:44238f1b60a76d78fc8ca0528ee429702aae011c265fe6a8dd8b63049ae41c65"},
    {file = "Pygments-2.11.2.tar.gz", hash = "sha256:4e426f72023d88d03b2fa258de560726ce890ff3b630f88c21cbb8b2503b8c6a"},
]
pygments-yang-lexer = [
    {file = "pygments-yang-lexer-0.2.tar.gz", hash = "sha256:54d8e3d8daaa0b0f2049f99c8c4968e3e430cd7ff621f3013217b2f81c678da3"},
]
regex = [
    {file = "regex-2021.11.10-cp310-cp310-macosx_10_9_x86_64.whl", hash = "sha256:9345b6f7ee578bad8e475129ed40123d265464c4cfead6c261fd60fc9de00bcf"},
    {file = "regex-2021.11.10-cp310-cp310-macosx_11_0_arm64.whl", hash = "sha256:416c5f1a188c91e3eb41e9c8787288e707f7d2ebe66e0a6563af280d9b68478f"},
    {file = "regex-2021.11.10-cp310-cp310-manylinux_2_17_aarch64.manylinux2014_aarch64.whl", hash = "sha256:e0538c43565ee6e703d3a7c3bdfe4037a5209250e8502c98f20fea6f5fdf2965"},
    {file = "regex-2021.11.10-cp310-cp310-manylinux_2_17_ppc64le.manylinux2014_ppc64le.whl", hash = "sha256:7ee1227cf08b6716c85504aebc49ac827eb88fcc6e51564f010f11a406c0a667"},
    {file = "regex-2021.11.10-cp310-cp310-manylinux_2_17_s390x.manylinux2014_s390x.whl", hash = "sha256:6650f16365f1924d6014d2ea770bde8555b4a39dc9576abb95e3cd1ff0263b36"},
    {file = "regex-2021.11.10-cp310-cp310-manylinux_2_17_x86_64.manylinux2014_x86_64.whl", hash = "sha256:30ab804ea73972049b7a2a5c62d97687d69b5a60a67adca07eb73a0ddbc9e29f"},
    {file = "regex-2021.11.10-cp310-cp310-manylinux_2_5_i686.manylinux1_i686.manylinux_2_17_i686.manylinux2014_i686.whl", hash = "sha256:68a067c11463de2a37157930d8b153005085e42bcb7ad9ca562d77ba7d1404e0"},
    {file = "regex-2021.11.10-cp310-cp310-manylinux_2_5_x86_64.manylinux1_x86_64.manylinux_2_12_x86_64.manylinux2010_x86_64.whl", hash = "sha256:162abfd74e88001d20cb73ceaffbfe601469923e875caf9118333b1a4aaafdc4"},
    {file = "regex-2021.11.10-cp310-cp310-musllinux_1_1_aarch64.whl", hash = "sha256:b9ed0b1e5e0759d6b7f8e2f143894b2a7f3edd313f38cf44e1e15d360e11749b"},
    {file = "regex-2021.11.10-cp310-cp310-musllinux_1_1_i686.whl", hash = "sha256:473e67837f786404570eae33c3b64a4b9635ae9f00145250851a1292f484c063"},
    {file = "regex-2021.11.10-cp310-cp310-musllinux_1_1_ppc64le.whl", hash = "sha256:2fee3ed82a011184807d2127f1733b4f6b2ff6ec7151d83ef3477f3b96a13d03"},
    {file = "regex-2021.11.10-cp310-cp310-musllinux_1_1_s390x.whl", hash = "sha256:d5fd67df77bab0d3f4ea1d7afca9ef15c2ee35dfb348c7b57ffb9782a6e4db6e"},
    {file = "regex-2021.11.10-cp310-cp310-musllinux_1_1_x86_64.whl", hash = "sha256:5d408a642a5484b9b4d11dea15a489ea0928c7e410c7525cd892f4d04f2f617b"},
    {file = "regex-2021.11.10-cp310-cp310-win32.whl", hash = "sha256:98ba568e8ae26beb726aeea2273053c717641933836568c2a0278a84987b2a1a"},
    {file = "regex-2021.11.10-cp310-cp310-win_amd64.whl", hash = "sha256:780b48456a0f0ba4d390e8b5f7c661fdd218934388cde1a974010a965e200e12"},
    {file = "regex-2021.11.10-cp36-cp36m-macosx_10_9_x86_64.whl", hash = "sha256:dba70f30fd81f8ce6d32ddeef37d91c8948e5d5a4c63242d16a2b2df8143aafc"},
    {file = "regex-2021.11.10-cp36-cp36m-manylinux_2_17_aarch64.manylinux2014_aarch64.whl", hash = "sha256:e1f54b9b4b6c53369f40028d2dd07a8c374583417ee6ec0ea304e710a20f80a0"},
    {file = "regex-2021.11.10-cp36-cp36m-manylinux_2_17_ppc64le.manylinux2014_ppc64le.whl", hash = "sha256:fbb9dc00e39f3e6c0ef48edee202f9520dafb233e8b51b06b8428cfcb92abd30"},
    {file = "regex-2021.11.10-cp36-cp36m-manylinux_2_17_s390x.manylinux2014_s390x.whl", hash = "sha256:666abff54e474d28ff42756d94544cdfd42e2ee97065857413b72e8a2d6a6345"},
    {file = "regex-2021.11.10-cp36-cp36m-manylinux_2_17_x86_64.manylinux2014_x86_64.whl", hash = "sha256:5537f71b6d646f7f5f340562ec4c77b6e1c915f8baae822ea0b7e46c1f09b733"},
    {file = "regex-2021.11.10-cp36-cp36m-manylinux_2_5_i686.manylinux1_i686.manylinux_2_17_i686.manylinux2014_i686.whl", hash = "sha256:ed2e07c6a26ed4bea91b897ee2b0835c21716d9a469a96c3e878dc5f8c55bb23"},
    {file = "regex-2021.11.10-cp36-cp36m-manylinux_2_5_x86_64.manylinux1_x86_64.manylinux_2_12_x86_64.manylinux2010_x86_64.whl", hash = "sha256:ca5f18a75e1256ce07494e245cdb146f5a9267d3c702ebf9b65c7f8bd843431e"},
    {file = "regex-2021.11.10-cp36-cp36m-musllinux_1_1_aarch64.whl", hash = "sha256:74cbeac0451f27d4f50e6e8a8f3a52ca074b5e2da9f7b505c4201a57a8ed6286"},
    {file = "regex-2021.11.10-cp36-cp36m-musllinux_1_1_i686.whl", hash = "sha256:3598893bde43091ee5ca0a6ad20f08a0435e93a69255eeb5f81b85e81e329264"},
    {file = "regex-2021.11.10-cp36-cp36m-musllinux_1_1_ppc64le.whl", hash = "sha256:50a7ddf3d131dc5633dccdb51417e2d1910d25cbcf842115a3a5893509140a3a"},
    {file = "regex-2021.11.10-cp36-cp36m-musllinux_1_1_s390x.whl", hash = "sha256:61600a7ca4bcf78a96a68a27c2ae9389763b5b94b63943d5158f2a377e09d29a"},
    {file = "regex-2021.11.10-cp36-cp36m-musllinux_1_1_x86_64.whl", hash = "sha256:563d5f9354e15e048465061509403f68424fef37d5add3064038c2511c8f5e00"},
    {file = "regex-2021.11.10-cp36-cp36m-win32.whl", hash = "sha256:93a5051fcf5fad72de73b96f07d30bc29665697fb8ecdfbc474f3452c78adcf4"},
    {file = "regex-2021.11.10-cp36-cp36m-win_amd64.whl", hash = "sha256:b483c9d00a565633c87abd0aaf27eb5016de23fed952e054ecc19ce32f6a9e7e"},
    {file = "regex-2021.11.10-cp37-cp37m-macosx_10_9_x86_64.whl", hash = "sha256:fff55f3ce50a3ff63ec8e2a8d3dd924f1941b250b0aac3d3d42b687eeff07a8e"},
    {file = "regex-2021.11.10-cp37-cp37m-manylinux_2_17_aarch64.manylinux2014_aarch64.whl", hash = "sha256:e32d2a2b02ccbef10145df9135751abea1f9f076e67a4e261b05f24b94219e36"},
    {file = "regex-2021.11.10-cp37-cp37m-manylinux_2_17_ppc64le.manylinux2014_ppc64le.whl", hash = "sha256:53db2c6be8a2710b359bfd3d3aa17ba38f8aa72a82309a12ae99d3c0c3dcd74d"},
    {file = "regex-2021.11.10-cp37-cp37m-manylinux_2_17_s390x.manylinux2014_s390x.whl", hash = "sha256:2207ae4f64ad3af399e2d30dde66f0b36ae5c3129b52885f1bffc2f05ec505c8"},
    {file = "regex-2021.11.10-cp37-cp37m-manylinux_2_17_x86_64.manylinux2014_x86_64.whl", hash = "sha256:d5ca078bb666c4a9d1287a379fe617a6dccd18c3e8a7e6c7e1eb8974330c626a"},
    {file = "regex-2021.11.10-cp37-cp37m-manylinux_2_5_i686.manylinux1_i686.manylinux_2_17_i686.manylinux2014_i686.whl", hash = "sha256:dd33eb9bdcfbabab3459c9ee651d94c842bc8a05fabc95edf4ee0c15a072495e"},
    {file = "regex-2021.11.10-cp37-cp37m-manylinux_2_5_x86_64.manylinux1_x86_64.manylinux_2_12_x86_64.manylinux2010_x86_64.whl", hash = "sha256:05b7d6d7e64efe309972adab77fc2af8907bb93217ec60aa9fe12a0dad35874f"},
    {file = "regex-2021.11.10-cp37-cp37m-musllinux_1_1_aarch64.whl", hash = "sha256:42b50fa6666b0d50c30a990527127334d6b96dd969011e843e726a64011485da"},
    {file = "regex-2021.11.10-cp37-cp37m-musllinux_1_1_i686.whl", hash = "sha256:6e1d2cc79e8dae442b3fa4a26c5794428b98f81389af90623ffcc650ce9f6732"},
    {file = "regex-2021.11.10-cp37-cp37m-musllinux_1_1_ppc64le.whl", hash = "sha256:0416f7399e918c4b0e074a0f66e5191077ee2ca32a0f99d4c187a62beb47aa05"},
    {file = "regex-2021.11.10-cp37-cp37m-musllinux_1_1_s390x.whl", hash = "sha256:ce298e3d0c65bd03fa65ffcc6db0e2b578e8f626d468db64fdf8457731052942"},
    {file = "regex-2021.11.10-cp37-cp37m-musllinux_1_1_x86_64.whl", hash = "sha256:dc07f021ee80510f3cd3af2cad5b6a3b3a10b057521d9e6aaeb621730d320c5a"},
    {file = "regex-2021.11.10-cp37-cp37m-win32.whl", hash = "sha256:e71255ba42567d34a13c03968736c5d39bb4a97ce98188fafb27ce981115beec"},
    {file = "regex-2021.11.10-cp37-cp37m-win_amd64.whl", hash = "sha256:07856afef5ffcc052e7eccf3213317fbb94e4a5cd8177a2caa69c980657b3cb4"},
    {file = "regex-2021.11.10-cp38-cp38-macosx_10_9_x86_64.whl", hash = "sha256:ba05430e819e58544e840a68b03b28b6d328aff2e41579037e8bab7653b37d83"},
    {file = "regex-2021.11.10-cp38-cp38-macosx_11_0_arm64.whl", hash = "sha256:7f301b11b9d214f83ddaf689181051e7f48905568b0c7017c04c06dfd065e244"},
    {file = "regex-2021.11.10-cp38-cp38-manylinux_2_17_aarch64.manylinux2014_aarch64.whl", hash = "sha256:4aaa4e0705ef2b73dd8e36eeb4c868f80f8393f5f4d855e94025ce7ad8525f50"},
    {file = "regex-2021.11.10-cp38-cp38-manylinux_2_17_ppc64le.manylinux2014_ppc64le.whl", hash = "sha256:788aef3549f1924d5c38263104dae7395bf020a42776d5ec5ea2b0d3d85d6646"},
    {file = "regex-2021.11.10-cp38-cp38-manylinux_2_17_s390x.manylinux2014_s390x.whl", hash = "sha256:f8af619e3be812a2059b212064ea7a640aff0568d972cd1b9e920837469eb3cb"},
    {file = "regex-2021.11.10-cp38-cp38-manylinux_2_17_x86_64.manylinux2014_x86_64.whl", hash = "sha256:85bfa6a5413be0ee6c5c4a663668a2cad2cbecdee367630d097d7823041bdeec"},
    {file = "regex-2021.11.10-cp38-cp38-manylinux_2_5_i686.manylinux1_i686.manylinux_2_17_i686.manylinux2014_i686.whl", hash = "sha256:f23222527b307970e383433daec128d769ff778d9b29343fb3496472dc20dabe"},
    {file = "regex-2021.11.10-cp38-cp38-manylinux_2_5_x86_64.manylinux1_x86_64.manylinux_2_12_x86_64.manylinux2010_x86_64.whl", hash = "sha256:da1a90c1ddb7531b1d5ff1e171b4ee61f6345119be7351104b67ff413843fe94"},
    {file = "regex-2021.11.10-cp38-cp38-musllinux_1_1_aarch64.whl", hash = "sha256:f5be7805e53dafe94d295399cfbe5227f39995a997f4fd8539bf3cbdc8f47ca8"},
    {file = "regex-2021.11.10-cp38-cp38-musllinux_1_1_i686.whl", hash = "sha256:a955b747d620a50408b7fdf948e04359d6e762ff8a85f5775d907ceced715129"},
    {file = "regex-2021.11.10-cp38-cp38-musllinux_1_1_ppc64le.whl", hash = "sha256:139a23d1f5d30db2cc6c7fd9c6d6497872a672db22c4ae1910be22d4f4b2068a"},
    {file = "regex-2021.11.10-cp38-cp38-musllinux_1_1_s390x.whl", hash = "sha256:ca49e1ab99593438b204e00f3970e7a5f70d045267051dfa6b5f4304fcfa1dbf"},
    {file = "regex-2021.11.10-cp38-cp38-musllinux_1_1_x86_64.whl", hash = "sha256:96fc32c16ea6d60d3ca7f63397bff5c75c5a562f7db6dec7d412f7c4d2e78ec0"},
    {file = "regex-2021.11.10-cp38-cp38-win32.whl", hash = "sha256:0617383e2fe465732af4509e61648b77cbe3aee68b6ac8c0b6fe934db90be5cc"},
    {file = "regex-2021.11.10-cp38-cp38-win_amd64.whl", hash = "sha256:a3feefd5e95871872673b08636f96b61ebef62971eab044f5124fb4dea39919d"},
    {file = "regex-2021.11.10-cp39-cp39-macosx_10_9_x86_64.whl", hash = "sha256:f7f325be2804246a75a4f45c72d4ce80d2443ab815063cdf70ee8fb2ca59ee1b"},
    {file = "regex-2021.11.10-cp39-cp39-macosx_11_0_arm64.whl", hash = "sha256:537ca6a3586931b16a85ac38c08cc48f10fc870a5b25e51794c74df843e9966d"},
    {file = "regex-2021.11.10-cp39-cp39-manylinux_2_17_aarch64.manylinux2014_aarch64.whl", hash = "sha256:eef2afb0fd1747f33f1ee3e209bce1ed582d1896b240ccc5e2697e3275f037c7"},
    {file = "regex-2021.11.10-cp39-cp39-manylinux_2_17_ppc64le.manylinux2014_ppc64le.whl", hash = "sha256:432bd15d40ed835a51617521d60d0125867f7b88acf653e4ed994a1f8e4995dc"},
    {file = "regex-2021.11.10-cp39-cp39-manylinux_2_17_s390x.manylinux2014_s390x.whl", hash = "sha256:b43c2b8a330a490daaef5a47ab114935002b13b3f9dc5da56d5322ff218eeadb"},
    {file = "regex-2021.11.10-cp39-cp39-manylinux_2_17_x86_64.manylinux2014_x86_64.whl", hash = "sha256:962b9a917dd7ceacbe5cd424556914cb0d636001e393b43dc886ba31d2a1e449"},
    {file = "regex-2021.11.10-cp39-cp39-manylinux_2_5_i686.manylinux1_i686.manylinux_2_17_i686.manylinux2014_i686.whl", hash = "sha256:fa8c626d6441e2d04b6ee703ef2d1e17608ad44c7cb75258c09dd42bacdfc64b"},
    {file = "regex-2021.11.10-cp39-cp39-manylinux_2_5_x86_64.manylinux1_x86_64.manylinux_2_12_x86_64.manylinux2010_x86_64.whl", hash = "sha256:3c5fb32cc6077abad3bbf0323067636d93307c9fa93e072771cf9a64d1c0f3ef"},
    {file = "regex-2021.11.10-cp39-cp39-musllinux_1_1_aarch64.whl", hash = "sha256:cd410a1cbb2d297c67d8521759ab2ee3f1d66206d2e4328502a487589a2cb21b"},
    {file = "regex-2021.11.10-cp39-cp39-musllinux_1_1_i686.whl", hash = "sha256:e6096b0688e6e14af6a1b10eaad86b4ff17935c49aa774eac7c95a57a4e8c296"},
    {file = "regex-2021.11.10-cp39-cp39-musllinux_1_1_ppc64le.whl", hash = "sha256:529801a0d58809b60b3531ee804d3e3be4b412c94b5d267daa3de7fadef00f49"},
    {file = "regex-2021.11.10-cp39-cp39-musllinux_1_1_s390x.whl", hash = "sha256:0f594b96fe2e0821d026365f72ac7b4f0b487487fb3d4aaf10dd9d97d88a9737"},
    {file = "regex-2021.11.10-cp39-cp39-musllinux_1_1_x86_64.whl", hash = "sha256:2409b5c9cef7054dde93a9803156b411b677affc84fca69e908b1cb2c540025d"},
    {file = "regex-2021.11.10-cp39-cp39-win32.whl", hash = "sha256:3b5df18db1fccd66de15aa59c41e4f853b5df7550723d26aa6cb7f40e5d9da5a"},
    {file = "regex-2021.11.10-cp39-cp39-win_amd64.whl", hash = "sha256:83ee89483672b11f8952b158640d0c0ff02dc43d9cb1b70c1564b49abe92ce29"},
    {file = "regex-2021.11.10.tar.gz", hash = "sha256:f341ee2df0999bfdf7a95e448075effe0db212a59387de1a70690e4acb03d4c6"},
]
requests = [
    {file = "requests-2.27.1-py2.py3-none-any.whl", hash = "sha256:f22fa1e554c9ddfd16e6e41ac79759e17be9e492b3587efa038054674760e72d"},
    {file = "requests-2.27.1.tar.gz", hash = "sha256:68d7c56fd5a8999887728ef304a6d12edc7be74f1cfa47714fc8b414525c9a61"},
]
six = [
    {file = "six-1.16.0-py2.py3-none-any.whl", hash = "sha256:8abb2f1d86890a2dfb989f9a77cfcfd3e47c2a354b01111771326f8aa26e0254"},
    {file = "six-1.16.0.tar.gz", hash = "sha256:1e61c37477a1626458e36f7b1d82aa5c9b094fa4802892072e49de9c60c4c926"},
]
typing-extensions = [
    {file = "typing_extensions-4.0.1-py3-none-any.whl", hash = "sha256:7f001e5ac290a0c0401508864c7ec868be4e701886d5b573a9528ed3973d9d3b"},
    {file = "typing_extensions-4.0.1.tar.gz", hash = "sha256:4ca091dea149f945ec56afb48dae714f21e8692ef22a395223bcd328961b6a0e"},
]
urllib3 = [
    {file = "urllib3-1.26.8-py2.py3-none-any.whl", hash = "sha256:000ca7f471a233c2251c6c7023ee85305721bfdf18621ebff4fd17a8653427ed"},
    {file = "urllib3-1.26.8.tar.gz", hash = "sha256:0e7c33d9a63e7ddfcb86780aac87befc2fbddf46c58dbb487e0855f7ceec283c"},
]
urwid = [
    {file = "urwid-2.1.2.tar.gz", hash = "sha256:588bee9c1cb208d0906a9f73c613d2bd32c3ed3702012f51efe318a3f2127eae"},
]
zipp = [
    {file = "zipp-3.6.0-py3-none-any.whl", hash = "sha256:9fe5ea21568a0a70e50f273397638d39b03353731e6cbbb3fd8502a33fec40bc"},
    {file = "zipp-3.6.0.tar.gz", hash = "sha256:71c644c5369f4a6e07636f0aa966270449561fcea2e3d6747b8d23efaa9d7832"},
]
